# This file is automatically @generated by Poetry 1.8.3 and should not be changed by hand.

[[package]]
name = "alea-common"
version = "0.1.0"
description = ""
optional = false
python-versions = ">=3.10"
files = []
develop = true

[package.dependencies]
numpy = {version = "^2.1.1", optional = true}

[package.extras]
data-field-ndarray = ["numpy (>=2.1.1,<3.0.0)"]

[package.source]
type = "directory"
url = "../../../python/alea-common"

[[package]]
name = "argparse-addons"
version = "0.12.0"
description = "Additional argparse types and actions."
optional = false
python-versions = ">=3.6"
files = [
    {file = "argparse_addons-0.12.0-py3-none-any.whl", hash = "sha256:48b70ecd719054fcb0d7e6f25a1fecc13607aac61d446e83f47d211b4ead0d61"},
    {file = "argparse_addons-0.12.0.tar.gz", hash = "sha256:6322a0dcd706887e76308d23136d5b86da0eab75a282dc6496701d1210b460af"},
]

[[package]]
name = "bincopy"
version = "20.1.0"
description = "Mangling of various file formats that conveys binary information (Motorola S-Record, Intel HEX and binary files)."
optional = false
python-versions = ">=3.9"
files = [
    {file = "bincopy-20.1.0-py3-none-any.whl", hash = "sha256:76a2b53253f1f802d16932d9aceff07142298cf5ddf251f77e8ecabff87c9de2"},
    {file = "bincopy-20.1.0.tar.gz", hash = "sha256:d8a4e8cb82edafbbe367415337d1926c7d8c455617e43bd4b145653772b9b965"},
]

[package.dependencies]
argparse_addons = ">=0.4.0"
humanfriendly = "*"
pyelftools = "*"

[[package]]
name = "humanfriendly"
version = "10.0"
description = "Human friendly output for text interfaces using Python"
optional = false
python-versions = ">=2.7, !=3.0.*, !=3.1.*, !=3.2.*, !=3.3.*, !=3.4.*"
files = [
    {file = "humanfriendly-10.0-py2.py3-none-any.whl", hash = "sha256:1697e1a8a8f550fd43c2865cd84542fc175a61dcb779b6fee18cf6b6ccba1477"},
    {file = "humanfriendly-10.0.tar.gz", hash = "sha256:6b0b831ce8f15f7300721aa49829fc4e83921a9a301cc7f606be6686a2288ddc"},
]

[package.dependencies]
pyreadline3 = {version = "*", markers = "sys_platform == \"win32\" and python_version >= \"3.8\""}

[[package]]
name = "jinja2"
version = "3.1.6"
description = "A very fast and expressive template engine."
optional = false
python-versions = ">=3.7"
files = [
    {file = "jinja2-3.1.6-py3-none-any.whl", hash = "sha256:85ece4451f492d0c13c5dd7c13a64681a86afae63a5f347908daf103ce6d2f67"},
    {file = "jinja2-3.1.6.tar.gz", hash = "sha256:0137fb05990d35f1275a587e9aee6d56da821fc83491a0fb838183be43f66d6d"},
]

[package.dependencies]
MarkupSafe = ">=2.0"

[package.extras]
i18n = ["Babel (>=2.7)"]

[[package]]
name = "lief"
version = "0.16.6"
description = "Library to instrument executable formats"
optional = false
python-versions = ">=3.8"
files = [
    {file = "lief-0.16.6-cp310-cp310-macosx_11_0_arm64.whl", hash = "sha256:ddaea8ea7606ce6be937b44788b845a7da6f2ef034fb05d1cf6ef4556942a26d"},
    {file = "lief-0.16.6-cp310-cp310-macosx_11_0_x86_64.whl", hash = "sha256:1884201b56ea7a97deae6b98af990ac30e14927e5e147d455df25a5c3bd60472"},
    {file = "lief-0.16.6-cp310-cp310-manylinux2014_aarch64.whl", hash = "sha256:4fa34cbac6c2ffd62c7d71a3a94f50df171595ebeea8d07753164f200b971ae0"},
    {file = "lief-0.16.6-cp310-cp310-manylinux_2_28_x86_64.whl", hash = "sha256:89b6adf6fbb774bb1ce82ca299a00ff9fe5842696f0417d2ce28ff554c9b577a"},
    {file = "lief-0.16.6-cp310-cp310-musllinux_1_2_aarch64.whl", hash = "sha256:6c2751bdb6d8c0b2dcf0f368b8d675196a7635db6e16aa3ceb7d8ded1bc22ddb"},
    {file = "lief-0.16.6-cp310-cp310-musllinux_1_2_i686.whl", hash = "sha256:7263f73708b6c49d69f3c7ea42d15d53a5064af524efdb0b2134f2c63f9b77db"},
    {file = "lief-0.16.6-cp310-cp310-musllinux_1_2_x86_64.whl", hash = "sha256:afe2fc86c5b0152baf29d259439117dd4c56bf8ce05c4fd36631d41a0b1e8bc2"},
    {file = "lief-0.16.6-cp310-cp310-win32.whl", hash = "sha256:becabb86bf9ca10d2b272fa84a0ce0526fa93fdd4a8be6b39871cf0ab9cf4bc4"},
    {file = "lief-0.16.6-cp310-cp310-win_amd64.whl", hash = "sha256:c561feeeed8dba457a168d8c283ba44551bd7363a0f12555fd5025aa8b75ac2d"},
    {file = "lief-0.16.6-cp311-cp311-macosx_11_0_arm64.whl", hash = "sha256:89093638ee720677e7302850c3c33f42aeb9f173f1c738c918d63d7545886c72"},
    {file = "lief-0.16.6-cp311-cp311-macosx_11_0_x86_64.whl", hash = "sha256:474e80c3eb735d59428cf53e6537528a0a9fd9e177f9dc415f55f87d37785fde"},
    {file = "lief-0.16.6-cp311-cp311-manylinux2014_aarch64.whl", hash = "sha256:905614f58ed24254ddb1fe1de566cfea01a73e17e5489cf753a7d2afaf3df7ce"},
    {file = "lief-0.16.6-cp311-cp311-manylinux_2_28_x86_64.whl", hash = "sha256:5ccbc90ebdda7e417ccac268eb3976bfb0078786fa63a634e57e8c3b3efca179"},
    {file = "lief-0.16.6-cp311-cp311-musllinux_1_2_aarch64.whl", hash = "sha256:ce4cd431ec386f23650ed227b6960ff08801fea10aa3eb451a60724c7b4c0015"},
    {file = "lief-0.16.6-cp311-cp311-musllinux_1_2_i686.whl", hash = "sha256:a597c6f11f668f691bc5bca52c5b9c7511b36b7623d55fac70e0e1bf09a4585b"},
    {file = "lief-0.16.6-cp311-cp311-musllinux_1_2_x86_64.whl", hash = "sha256:f659d7c5e2a14d4c86acea1301ec9c88b28fcc63c0444a39bd2b46c8c54760e8"},
    {file = "lief-0.16.6-cp311-cp311-win32.whl", hash = "sha256:65f9768708f208cac67217d640c757cd6627a54df640909121668e5a001b1584"},
    {file = "lief-0.16.6-cp311-cp311-win_amd64.whl", hash = "sha256:ebeba2502fde32ede420deb1641535ed25f10616f293522ad68b57d8e66b4820"},
    {file = "lief-0.16.6-cp311-cp311-win_arm64.whl", hash = "sha256:02c77cfb1b428c4494b3bb8a1614b5fa587d7af928e2acf43d550a09809c8030"},
    {file = "lief-0.16.6-cp312-cp312-macosx_11_0_arm64.whl", hash = "sha256:c61dab95d7afed02b839ee1718700d4fab4634043c56b4f28d0557d0f7d4849f"},
    {file = "lief-0.16.6-cp312-cp312-macosx_11_0_x86_64.whl", hash = "sha256:38ccfc0e35c1683f8b8d0487ecf1b01c05cd2d0e9d42fced4a767f2065bcf7e0"},
    {file = "lief-0.16.6-cp312-cp312-manylinux2014_aarch64.whl", hash = "sha256:647f0038a2edd34b956684f2dcaf8b6551757c3158f3bd8fdffe73a491a69c95"},
    {file = "lief-0.16.6-cp312-cp312-manylinux_2_28_x86_64.whl", hash = "sha256:ca56c1f8933d5c9fdf6fc98d6f5caf684e5aa369457b30df8c235ff0dc5e7da5"},
    {file = "lief-0.16.6-cp312-cp312-musllinux_1_2_aarch64.whl", hash = "sha256:57b53923cbc57e2eaaed8f8bc8a0490d8fdbbac6f2218905ceb2ff867a864015"},
    {file = "lief-0.16.6-cp312-cp312-musllinux_1_2_i686.whl", hash = "sha256:ca9c5a85a26daa4008aec42858fc763f630fb117fa77959912725c48015730e9"},
    {file = "lief-0.16.6-cp312-cp312-musllinux_1_2_x86_64.whl", hash = "sha256:88ab1dc087367d3e49fd7594bce4e381307b510b2aa6a7d8b9e011be1ea29260"},
    {file = "lief-0.16.6-cp312-cp312-win32.whl", hash = "sha256:7cd0921289d756005b1930f95c066c7eee7cdcac97aa4c8172e3ae0f83d80707"},
    {file = "lief-0.16.6-cp312-cp312-win_amd64.whl", hash = "sha256:08bfb33a07c7ad162a4a75524e034ff2faf893e83a648fa39c5a787ea07d761d"},
    {file = "lief-0.16.6-cp312-cp312-win_arm64.whl", hash = "sha256:0a64c08f0fc2b2f05c66111e47130b115db88136b46a3577ab515148a5a31caf"},
    {file = "lief-0.16.6-cp313-cp313-macosx_11_0_arm64.whl", hash = "sha256:4f280296429164710c8c7293a6db92362f0e9ff8e9fa43da995d93ecbe64ec8d"},
    {file = "lief-0.16.6-cp313-cp313-macosx_11_0_x86_64.whl", hash = "sha256:1c603164f48f53948c6562d5f6e3bf937f481759ec657b07df96370fd8b46db5"},
    {file = "lief-0.16.6-cp313-cp313-manylinux2014_aarch64.whl", hash = "sha256:bcbf9ac2aa831c076252892985f65f682855564759e29e005bdd5720ea60f3da"},
    {file = "lief-0.16.6-cp313-cp313-manylinux_2_28_x86_64.whl", hash = "sha256:217c7c70eb444d9e40a66a7445cc5285fdae7f70ccc20fa342bec13857c224b9"},
    {file = "lief-0.16.6-cp313-cp313-musllinux_1_2_aarch64.whl", hash = "sha256:dbb4afede2d641dff4fe1d88ad62d0bcb38c1a27d5c150afcc725d5e894dae6c"},
    {file = "lief-0.16.6-cp313-cp313-musllinux_1_2_i686.whl", hash = "sha256:2aa18e9a23826b8b02eb58a3cab2a410a3d6a8cd81b6afafc21cd949d025426f"},
    {file = "lief-0.16.6-cp313-cp313-musllinux_1_2_x86_64.whl", hash = "sha256:bdc5acd9a8baab3cb2146bcd0f53080ff0701f684b7269cd0014daad04f50a31"},
    {file = "lief-0.16.6-cp313-cp313-win32.whl", hash = "sha256:e60da9a09f599bbde4abf88723bb1c900ba7ef9f5e6922cb365451c0bed74712"},
    {file = "lief-0.16.6-cp313-cp313-win_amd64.whl", hash = "sha256:31553d7926533b1ac9487b135d1e9e0e5a603477eba5eaf980a70b86065ee981"},
    {file = "lief-0.16.6-cp313-cp313-win_arm64.whl", hash = "sha256:3ab3d11879a8684632700aab39eedcd0a4293d3596d266bf0d93b3a1bf9b51ca"},
    {file = "lief-0.16.6-cp38-cp38-macosx_11_0_arm64.whl", hash = "sha256:023444d48af24d7af9744786e6fcee406a60774c91d73cca2ae4cd4bc59138df"},
    {file = "lief-0.16.6-cp38-cp38-macosx_11_0_x86_64.whl", hash = "sha256:c27162e80af1577e8612245554c6031e0c426b5277279931278946bab2e06278"},
    {file = "lief-0.16.6-cp38-cp38-manylinux2014_aarch64.whl", hash = "sha256:218acabcdb4a4c82ddf5606fae2bb5aad97388db61053429e32c2f16e84c09a5"},
    {file = "lief-0.16.6-cp38-cp38-manylinux_2_28_x86_64.whl", hash = "sha256:1ace7b111034f5ecaff5ced71acf0da1a418bade5c9e2fe8387970ecc95e8808"},
    {file = "lief-0.16.6-cp38-cp38-musllinux_1_2_aarch64.whl", hash = "sha256:bc66472b447961f7ca588108b52f56b4038b6b609765ef3a12aca36864807aaf"},
    {file = "lief-0.16.6-cp38-cp38-musllinux_1_2_i686.whl", hash = "sha256:d7346e2e01db6ce631b36e5260b1c2e71cc0132418c4f7b95d5aa7151d74e84a"},
    {file = "lief-0.16.6-cp38-cp38-musllinux_1_2_x86_64.whl", hash = "sha256:196f944983b980f564fa553fa1be8517c3a7b731756b7b6415d258aae2a23d32"},
    {file = "lief-0.16.6-cp38-cp38-win32.whl", hash = "sha256:2af02fe2a01d34332c2225f8cadada5570c1ad7e124ab58ab3e3365d1548ae08"},
    {file = "lief-0.16.6-cp38-cp38-win_amd64.whl", hash = "sha256:dd1ce8bd2e129e07ca28ef7637e3daf156654fc9c2383364ad814e6b6c7ee1c1"},
    {file = "lief-0.16.6-cp39-cp39-macosx_11_0_arm64.whl", hash = "sha256:2b5d2fbc81d268dda83e04c6a1bfc2dc58d1bcc06506de9a27a84d08952a30bb"},
    {file = "lief-0.16.6-cp39-cp39-macosx_11_0_x86_64.whl", hash = "sha256:dddad9f5dd4fe6176e340e440d8cd49bc9bbdbae5c91bf22fe5b52a08efcce9d"},
    {file = "lief-0.16.6-cp39-cp39-manylinux2014_aarch64.whl", hash = "sha256:a062395b77927d1c011ff18d52277229b3f81c0a2c43650004e79ffc518c23c2"},
    {file = "lief-0.16.6-cp39-cp39-manylinux_2_28_x86_64.whl", hash = "sha256:4b0b7cf01dc72563f25fffea739f0b0c50139618c2ae30976acc847c66853c5a"},
    {file = "lief-0.16.6-cp39-cp39-musllinux_1_2_aarch64.whl", hash = "sha256:8cbc9e6198fb6a7441063a5ab2afd1eaf04d45c88301384ab55fbd088cf58c94"},
    {file = "lief-0.16.6-cp39-cp39-musllinux_1_2_i686.whl", hash = "sha256:2bc32c3970a1392fd31cd00a5de9fb8ad786cfab2506e34f010c1eabb30c18e3"},
    {file = "lief-0.16.6-cp39-cp39-musllinux_1_2_x86_64.whl", hash = "sha256:942ee7f178b2160d118d25241d1a31119490d0d1ee64fb96e453f8a76997e4cc"},
    {file = "lief-0.16.6-cp39-cp39-win32.whl", hash = "sha256:ae7474af6a2090c807b3e25b07a23724071eb1ed986f92f9c512cfe4c3fd4c5b"},
    {file = "lief-0.16.6-cp39-cp39-win_amd64.whl", hash = "sha256:508fa7ce8415f40e518757aa55bfb4b3492cbb0cc1cd1bb69fce1bc53e9d5bfe"},
]

[[package]]
name = "markupsafe"
version = "3.0.2"
description = "Safely add untrusted strings to HTML/XML markup."
optional = false
python-versions = ">=3.9"
files = [
    {file = "MarkupSafe-3.0.2-cp310-cp310-macosx_10_9_universal2.whl", hash = "sha256:7e94c425039cde14257288fd61dcfb01963e658efbc0ff54f5306b06054700f8"},
    {file = "MarkupSafe-3.0.2-cp310-cp310-macosx_11_0_arm64.whl", hash = "sha256:9e2d922824181480953426608b81967de705c3cef4d1af983af849d7bd619158"},
    {file = "MarkupSafe-3.0.2-cp310-cp310-manylinux_2_17_aarch64.manylinux2014_aarch64.whl", hash = "sha256:38a9ef736c01fccdd6600705b09dc574584b89bea478200c5fbf112a6b0d5579"},
    {file = "MarkupSafe-3.0.2-cp310-cp310-manylinux_2_17_x86_64.manylinux2014_x86_64.whl", hash = "sha256:bbcb445fa71794da8f178f0f6d66789a28d7319071af7a496d4d507ed566270d"},
    {file = "MarkupSafe-3.0.2-cp310-cp310-manylinux_2_5_i686.manylinux1_i686.manylinux_2_17_i686.manylinux2014_i686.whl", hash = "sha256:57cb5a3cf367aeb1d316576250f65edec5bb3be939e9247ae594b4bcbc317dfb"},
    {file = "MarkupSafe-3.0.2-cp310-cp310-musllinux_1_2_aarch64.whl", hash = "sha256:3809ede931876f5b2ec92eef964286840ed3540dadf803dd570c3b7e13141a3b"},
    {file = "MarkupSafe-3.0.2-cp310-cp310-musllinux_1_2_i686.whl", hash = "sha256:e07c3764494e3776c602c1e78e298937c3315ccc9043ead7e685b7f2b8d47b3c"},
    {file = "MarkupSafe-3.0.2-cp310-cp310-musllinux_1_2_x86_64.whl", hash = "sha256:b424c77b206d63d500bcb69fa55ed8d0e6a3774056bdc4839fc9298a7edca171"},
    {file = "MarkupSafe-3.0.2-cp310-cp310-win32.whl", hash = "sha256:fcabf5ff6eea076f859677f5f0b6b5c1a51e70a376b0579e0eadef8db48c6b50"},
    {file = "MarkupSafe-3.0.2-cp310-cp310-win_amd64.whl", hash = "sha256:6af100e168aa82a50e186c82875a5893c5597a0c1ccdb0d8b40240b1f28b969a"},
    {file = "MarkupSafe-3.0.2-cp311-cp311-macosx_10_9_universal2.whl", hash = "sha256:9025b4018f3a1314059769c7bf15441064b2207cb3f065e6ea1e7359cb46db9d"},
    {file = "MarkupSafe-3.0.2-cp311-cp311-macosx_11_0_arm64.whl", hash = "sha256:93335ca3812df2f366e80509ae119189886b0f3c2b81325d39efdb84a1e2ae93"},
    {file = "MarkupSafe-3.0.2-cp311-cp311-manylinux_2_17_aarch64.manylinux2014_aarch64.whl", hash = "sha256:2cb8438c3cbb25e220c2ab33bb226559e7afb3baec11c4f218ffa7308603c832"},
    {file = "MarkupSafe-3.0.2-cp311-cp311-manylinux_2_17_x86_64.manylinux2014_x86_64.whl", hash = "sha256:a123e330ef0853c6e822384873bef7507557d8e4a082961e1defa947aa59ba84"},
    {file = "MarkupSafe-3.0.2-cp311-cp311-manylinux_2_5_i686.manylinux1_i686.manylinux_2_17_i686.manylinux2014_i686.whl", hash = "sha256:1e084f686b92e5b83186b07e8a17fc09e38fff551f3602b249881fec658d3eca"},
    {file = "MarkupSafe-3.0.2-cp311-cp311-musllinux_1_2_aarch64.whl", hash = "sha256:d8213e09c917a951de9d09ecee036d5c7d36cb6cb7dbaece4c71a60d79fb9798"},
    {file = "MarkupSafe-3.0.2-cp311-cp311-musllinux_1_2_i686.whl", hash = "sha256:5b02fb34468b6aaa40dfc198d813a641e3a63b98c2b05a16b9f80b7ec314185e"},
    {file = "MarkupSafe-3.0.2-cp311-cp311-musllinux_1_2_x86_64.whl", hash = "sha256:0bff5e0ae4ef2e1ae4fdf2dfd5b76c75e5c2fa4132d05fc1b0dabcd20c7e28c4"},
    {file = "MarkupSafe-3.0.2-cp311-cp311-win32.whl", hash = "sha256:6c89876f41da747c8d3677a2b540fb32ef5715f97b66eeb0c6b66f5e3ef6f59d"},
    {file = "MarkupSafe-3.0.2-cp311-cp311-win_amd64.whl", hash = "sha256:70a87b411535ccad5ef2f1df5136506a10775d267e197e4cf531ced10537bd6b"},
    {file = "MarkupSafe-3.0.2-cp312-cp312-macosx_10_13_universal2.whl", hash = "sha256:9778bd8ab0a994ebf6f84c2b949e65736d5575320a17ae8984a77fab08db94cf"},
    {file = "MarkupSafe-3.0.2-cp312-cp312-macosx_11_0_arm64.whl", hash = "sha256:846ade7b71e3536c4e56b386c2a47adf5741d2d8b94ec9dc3e92e5e1ee1e2225"},
    {file = "MarkupSafe-3.0.2-cp312-cp312-manylinux_2_17_aarch64.manylinux2014_aarch64.whl", hash = "sha256:1c99d261bd2d5f6b59325c92c73df481e05e57f19837bdca8413b9eac4bd8028"},
    {file = "MarkupSafe-3.0.2-cp312-cp312-manylinux_2_17_x86_64.manylinux2014_x86_64.whl", hash = "sha256:e17c96c14e19278594aa4841ec148115f9c7615a47382ecb6b82bd8fea3ab0c8"},
    {file = "MarkupSafe-3.0.2-cp312-cp312-manylinux_2_5_i686.manylinux1_i686.manylinux_2_17_i686.manylinux2014_i686.whl", hash = "sha256:88416bd1e65dcea10bc7569faacb2c20ce071dd1f87539ca2ab364bf6231393c"},
    {file = "MarkupSafe-3.0.2-cp312-cp312-musllinux_1_2_aarch64.whl", hash = "sha256:2181e67807fc2fa785d0592dc2d6206c019b9502410671cc905d132a92866557"},
    {file = "MarkupSafe-3.0.2-cp312-cp312-musllinux_1_2_i686.whl", hash = "sha256:52305740fe773d09cffb16f8ed0427942901f00adedac82ec8b67752f58a1b22"},
    {file = "MarkupSafe-3.0.2-cp312-cp312-musllinux_1_2_x86_64.whl", hash = "sha256:ad10d3ded218f1039f11a75f8091880239651b52e9bb592ca27de44eed242a48"},
    {file = "MarkupSafe-3.0.2-cp312-cp312-win32.whl", hash = "sha256:0f4ca02bea9a23221c0182836703cbf8930c5e9454bacce27e767509fa286a30"},
    {file = "MarkupSafe-3.0.2-cp312-cp312-win_amd64.whl", hash = "sha256:8e06879fc22a25ca47312fbe7c8264eb0b662f6db27cb2d3bbbc74b1df4b9b87"},
    {file = "MarkupSafe-3.0.2-cp313-cp313-macosx_10_13_universal2.whl", hash = "sha256:ba9527cdd4c926ed0760bc301f6728ef34d841f405abf9d4f959c478421e4efd"},
    {file = "MarkupSafe-3.0.2-cp313-cp313-macosx_11_0_arm64.whl", hash = "sha256:f8b3d067f2e40fe93e1ccdd6b2e1d16c43140e76f02fb1319a05cf2b79d99430"},
    {file = "MarkupSafe-3.0.2-cp313-cp313-manylinux_2_17_aarch64.manylinux2014_aarch64.whl", hash = "sha256:569511d3b58c8791ab4c2e1285575265991e6d8f8700c7be0e88f86cb0672094"},
    {file = "MarkupSafe-3.0.2-cp313-cp313-manylinux_2_17_x86_64.manylinux2014_x86_64.whl", hash = "sha256:15ab75ef81add55874e7ab7055e9c397312385bd9ced94920f2802310c930396"},
    {file = "MarkupSafe-3.0.2-cp313-cp313-manylinux_2_5_i686.manylinux1_i686.manylinux_2_17_i686.manylinux2014_i686.whl", hash = "sha256:f3818cb119498c0678015754eba762e0d61e5b52d34c8b13d770f0719f7b1d79"},
    {file = "MarkupSafe-3.0.2-cp313-cp313-musllinux_1_2_aarch64.whl", hash = "sha256:cdb82a876c47801bb54a690c5ae105a46b392ac6099881cdfb9f6e95e4014c6a"},
    {file = "MarkupSafe-3.0.2-cp313-cp313-musllinux_1_2_i686.whl", hash = "sha256:cabc348d87e913db6ab4aa100f01b08f481097838bdddf7c7a84b7575b7309ca"},
    {file = "MarkupSafe-3.0.2-cp313-cp313-musllinux_1_2_x86_64.whl", hash = "sha256:444dcda765c8a838eaae23112db52f1efaf750daddb2d9ca300bcae1039adc5c"},
    {file = "MarkupSafe-3.0.2-cp313-cp313-win32.whl", hash = "sha256:bcf3e58998965654fdaff38e58584d8937aa3096ab5354d493c77d1fdd66d7a1"},
    {file = "MarkupSafe-3.0.2-cp313-cp313-win_amd64.whl", hash = "sha256:e6a2a455bd412959b57a172ce6328d2dd1f01cb2135efda2e4576e8a23fa3b0f"},
    {file = "MarkupSafe-3.0.2-cp313-cp313t-macosx_10_13_universal2.whl", hash = "sha256:b5a6b3ada725cea8a5e634536b1b01c30bcdcd7f9c6fff4151548d5bf6b3a36c"},
    {file = "MarkupSafe-3.0.2-cp313-cp313t-macosx_11_0_arm64.whl", hash = "sha256:a904af0a6162c73e3edcb969eeeb53a63ceeb5d8cf642fade7d39e7963a22ddb"},
    {file = "MarkupSafe-3.0.2-cp313-cp313t-manylinux_2_17_aarch64.manylinux2014_aarch64.whl", hash = "sha256:4aa4e5faecf353ed117801a068ebab7b7e09ffb6e1d5e412dc852e0da018126c"},
    {file = "MarkupSafe-3.0.2-cp313-cp313t-manylinux_2_17_x86_64.manylinux2014_x86_64.whl", hash = "sha256:c0ef13eaeee5b615fb07c9a7dadb38eac06a0608b41570d8ade51c56539e509d"},
    {file = "MarkupSafe-3.0.2-cp313-cp313t-manylinux_2_5_i686.manylinux1_i686.manylinux_2_17_i686.manylinux2014_i686.whl", hash = "sha256:d16a81a06776313e817c951135cf7340a3e91e8c1ff2fac444cfd75fffa04afe"},
    {file = "MarkupSafe-3.0.2-cp313-cp313t-musllinux_1_2_aarch64.whl", hash = "sha256:6381026f158fdb7c72a168278597a5e3a5222e83ea18f543112b2662a9b699c5"},
    {file = "MarkupSafe-3.0.2-cp313-cp313t-musllinux_1_2_i686.whl", hash = "sha256:3d79d162e7be8f996986c064d1c7c817f6df3a77fe3d6859f6f9e7be4b8c213a"},
    {file = "MarkupSafe-3.0.2-cp313-cp313t-musllinux_1_2_x86_64.whl", hash = "sha256:131a3c7689c85f5ad20f9f6fb1b866f402c445b220c19fe4308c0b147ccd2ad9"},
    {file = "MarkupSafe-3.0.2-cp313-cp313t-win32.whl", hash = "sha256:ba8062ed2cf21c07a9e295d5b8a2a5ce678b913b45fdf68c32d95d6c1291e0b6"},
    {file = "MarkupSafe-3.0.2-cp313-cp313t-win_amd64.whl", hash = "sha256:e444a31f8db13eb18ada366ab3cf45fd4b31e4db1236a4448f68778c1d1a5a2f"},
    {file = "MarkupSafe-3.0.2-cp39-cp39-macosx_10_9_universal2.whl", hash = "sha256:eaa0a10b7f72326f1372a713e73c3f739b524b3af41feb43e4921cb529f5929a"},
    {file = "MarkupSafe-3.0.2-cp39-cp39-macosx_11_0_arm64.whl", hash = "sha256:48032821bbdf20f5799ff537c7ac3d1fba0ba032cfc06194faffa8cda8b560ff"},
    {file = "MarkupSafe-3.0.2-cp39-cp39-manylinux_2_17_aarch64.manylinux2014_aarch64.whl", hash = "sha256:1a9d3f5f0901fdec14d8d2f66ef7d035f2157240a433441719ac9a3fba440b13"},
    {file = "MarkupSafe-3.0.2-cp39-cp39-manylinux_2_17_x86_64.manylinux2014_x86_64.whl", hash = "sha256:88b49a3b9ff31e19998750c38e030fc7bb937398b1f78cfa599aaef92d693144"},
    {file = "MarkupSafe-3.0.2-cp39-cp39-manylinux_2_5_i686.manylinux1_i686.manylinux_2_17_i686.manylinux2014_i686.whl", hash = "sha256:cfad01eed2c2e0c01fd0ecd2ef42c492f7f93902e39a42fc9ee1692961443a29"},
    {file = "MarkupSafe-3.0.2-cp39-cp39-musllinux_1_2_aarch64.whl", hash = "sha256:1225beacc926f536dc82e45f8a4d68502949dc67eea90eab715dea3a21c1b5f0"},
    {file = "MarkupSafe-3.0.2-cp39-cp39-musllinux_1_2_i686.whl", hash = "sha256:3169b1eefae027567d1ce6ee7cae382c57fe26e82775f460f0b2778beaad66c0"},
    {file = "MarkupSafe-3.0.2-cp39-cp39-musllinux_1_2_x86_64.whl", hash = "sha256:eb7972a85c54febfb25b5c4b4f3af4dcc731994c7da0d8a0b4a6eb0640e1d178"},
    {file = "MarkupSafe-3.0.2-cp39-cp39-win32.whl", hash = "sha256:8c4e8c3ce11e1f92f6536ff07154f9d49677ebaaafc32db9db4620bc11ed480f"},
    {file = "MarkupSafe-3.0.2-cp39-cp39-win_amd64.whl", hash = "sha256:6e296a513ca3d94054c2c881cc913116e90fd030ad1c656b3869762b754f5f8a"},
    {file = "markupsafe-3.0.2.tar.gz", hash = "sha256:ee55d3edf80167e48ea11a923c7386f4669df67d7994554387f84e7d8b0a2bf0"},
]

[[package]]
name = "numpy"
version = "2.2.6"
description = "Fundamental package for array computing in Python"
optional = false
python-versions = ">=3.10"
files = [
    {file = "numpy-2.2.6-cp310-cp310-macosx_10_9_x86_64.whl", hash = "sha256:b412caa66f72040e6d268491a59f2c43bf03eb6c96dd8f0307829feb7fa2b6fb"},
    {file = "numpy-2.2.6-cp310-cp310-macosx_11_0_arm64.whl", hash = "sha256:8e41fd67c52b86603a91c1a505ebaef50b3314de0213461c7a6e99c9a3beff90"},
    {file = "numpy-2.2.6-cp310-cp310-macosx_14_0_arm64.whl", hash = "sha256:37e990a01ae6ec7fe7fa1c26c55ecb672dd98b19c3d0e1d1f326fa13cb38d163"},
    {file = "numpy-2.2.6-cp310-cp310-macosx_14_0_x86_64.whl", hash = "sha256:5a6429d4be8ca66d889b7cf70f536a397dc45ba6faeb5f8c5427935d9592e9cf"},
    {file = "numpy-2.2.6-cp310-cp310-manylinux_2_17_aarch64.manylinux2014_aarch64.whl", hash = "sha256:efd28d4e9cd7d7a8d39074a4d44c63eda73401580c5c76acda2ce969e0a38e83"},
    {file = "numpy-2.2.6-cp310-cp310-manylinux_2_17_x86_64.manylinux2014_x86_64.whl", hash = "sha256:fc7b73d02efb0e18c000e9ad8b83480dfcd5dfd11065997ed4c6747470ae8915"},
    {file = "numpy-2.2.6-cp310-cp310-musllinux_1_2_aarch64.whl", hash = "sha256:74d4531beb257d2c3f4b261bfb0fc09e0f9ebb8842d82a7b4209415896adc680"},
    {file = "numpy-2.2.6-cp310-cp310-musllinux_1_2_x86_64.whl", hash = "sha256:8fc377d995680230e83241d8a96def29f204b5782f371c532579b4f20607a289"},
    {file = "numpy-2.2.6-cp310-cp310-win32.whl", hash = "sha256:b093dd74e50a8cba3e873868d9e93a85b78e0daf2e98c6797566ad8044e8363d"},
    {file = "numpy-2.2.6-cp310-cp310-win_amd64.whl", hash = "sha256:f0fd6321b839904e15c46e0d257fdd101dd7f530fe03fd6359c1ea63738703f3"},
    {file = "numpy-2.2.6-cp311-cp311-macosx_10_9_x86_64.whl", hash = "sha256:f9f1adb22318e121c5c69a09142811a201ef17ab257a1e66ca3025065b7f53ae"},
    {file = "numpy-2.2.6-cp311-cp311-macosx_11_0_arm64.whl", hash = "sha256:c820a93b0255bc360f53eca31a0e676fd1101f673dda8da93454a12e23fc5f7a"},
    {file = "numpy-2.2.6-cp311-cp311-macosx_14_0_arm64.whl", hash = "sha256:3d70692235e759f260c3d837193090014aebdf026dfd167834bcba43e30c2a42"},
    {file = "numpy-2.2.6-cp311-cp311-macosx_14_0_x86_64.whl", hash = "sha256:481b49095335f8eed42e39e8041327c05b0f6f4780488f61286ed3c01368d491"},
    {file = "numpy-2.2.6-cp311-cp311-manylinux_2_17_aarch64.manylinux2014_aarch64.whl", hash = "sha256:b64d8d4d17135e00c8e346e0a738deb17e754230d7e0810ac5012750bbd85a5a"},
    {file = "numpy-2.2.6-cp311-cp311-manylinux_2_17_x86_64.manylinux2014_x86_64.whl", hash = "sha256:ba10f8411898fc418a521833e014a77d3ca01c15b0c6cdcce6a0d2897e6dbbdf"},
    {file = "numpy-2.2.6-cp311-cp311-musllinux_1_2_aarch64.whl", hash = "sha256:bd48227a919f1bafbdda0583705e547892342c26fb127219d60a5c36882609d1"},
    {file = "numpy-2.2.6-cp311-cp311-musllinux_1_2_x86_64.whl", hash = "sha256:9551a499bf125c1d4f9e250377c1ee2eddd02e01eac6644c080162c0c51778ab"},
    {file = "numpy-2.2.6-cp311-cp311-win32.whl", hash = "sha256:0678000bb9ac1475cd454c6b8c799206af8107e310843532b04d49649c717a47"},
    {file = "numpy-2.2.6-cp311-cp311-win_amd64.whl", hash = "sha256:e8213002e427c69c45a52bbd94163084025f533a55a59d6f9c5b820774ef3303"},
    {file = "numpy-2.2.6-cp312-cp312-macosx_10_13_x86_64.whl", hash = "sha256:41c5a21f4a04fa86436124d388f6ed60a9343a6f767fced1a8a71c3fbca038ff"},
    {file = "numpy-2.2.6-cp312-cp312-macosx_11_0_arm64.whl", hash = "sha256:de749064336d37e340f640b05f24e9e3dd678c57318c7289d222a8a2f543e90c"},
    {file = "numpy-2.2.6-cp312-cp312-macosx_14_0_arm64.whl", hash = "sha256:894b3a42502226a1cac872f840030665f33326fc3dac8e57c607905773cdcde3"},
    {file = "numpy-2.2.6-cp312-cp312-macosx_14_0_x86_64.whl", hash = "sha256:71594f7c51a18e728451bb50cc60a3ce4e6538822731b2933209a1f3614e9282"},
    {file = "numpy-2.2.6-cp312-cp312-manylinux_2_17_aarch64.manylinux2014_aarch64.whl", hash = "sha256:f2618db89be1b4e05f7a1a847a9c1c0abd63e63a1607d892dd54668dd92faf87"},
    {file = "numpy-2.2.6-cp312-cp312-manylinux_2_17_x86_64.manylinux2014_x86_64.whl", hash = "sha256:fd83c01228a688733f1ded5201c678f0c53ecc1006ffbc404db9f7a899ac6249"},
    {file = "numpy-2.2.6-cp312-cp312-musllinux_1_2_aarch64.whl", hash = "sha256:37c0ca431f82cd5fa716eca9506aefcabc247fb27ba69c5062a6d3ade8cf8f49"},
    {file = "numpy-2.2.6-cp312-cp312-musllinux_1_2_x86_64.whl", hash = "sha256:fe27749d33bb772c80dcd84ae7e8df2adc920ae8297400dabec45f0dedb3f6de"},
    {file = "numpy-2.2.6-cp312-cp312-win32.whl", hash = "sha256:4eeaae00d789f66c7a25ac5f34b71a7035bb474e679f410e5e1a94deb24cf2d4"},
    {file = "numpy-2.2.6-cp312-cp312-win_amd64.whl", hash = "sha256:c1f9540be57940698ed329904db803cf7a402f3fc200bfe599334c9bd84a40b2"},
    {file = "numpy-2.2.6-cp313-cp313-macosx_10_13_x86_64.whl", hash = "sha256:0811bb762109d9708cca4d0b13c4f67146e3c3b7cf8d34018c722adb2d957c84"},
    {file = "numpy-2.2.6-cp313-cp313-macosx_11_0_arm64.whl", hash = "sha256:287cc3162b6f01463ccd86be154f284d0893d2b3ed7292439ea97eafa8170e0b"},
    {file = "numpy-2.2.6-cp313-cp313-macosx_14_0_arm64.whl", hash = "sha256:f1372f041402e37e5e633e586f62aa53de2eac8d98cbfb822806ce4bbefcb74d"},
    {file = "numpy-2.2.6-cp313-cp313-macosx_14_0_x86_64.whl", hash = "sha256:55a4d33fa519660d69614a9fad433be87e5252f4b03850642f88993f7b2ca566"},
    {file = "numpy-2.2.6-cp313-cp313-manylinux_2_17_aarch64.manylinux2014_aarch64.whl", hash = "sha256:f92729c95468a2f4f15e9bb94c432a9229d0d50de67304399627a943201baa2f"},
    {file = "numpy-2.2.6-cp313-cp313-manylinux_2_17_x86_64.manylinux2014_x86_64.whl", hash = "sha256:1bc23a79bfabc5d056d106f9befb8d50c31ced2fbc70eedb8155aec74a45798f"},
    {file = "numpy-2.2.6-cp313-cp313-musllinux_1_2_aarch64.whl", hash = "sha256:e3143e4451880bed956e706a3220b4e5cf6172ef05fcc397f6f36a550b1dd868"},
    {file = "numpy-2.2.6-cp313-cp313-musllinux_1_2_x86_64.whl", hash = "sha256:b4f13750ce79751586ae2eb824ba7e1e8dba64784086c98cdbbcc6a42112ce0d"},
    {file = "numpy-2.2.6-cp313-cp313-win32.whl", hash = "sha256:5beb72339d9d4fa36522fc63802f469b13cdbe4fdab4a288f0c441b74272ebfd"},
    {file = "numpy-2.2.6-cp313-cp313-win_amd64.whl", hash = "sha256:b0544343a702fa80c95ad5d3d608ea3599dd54d4632df855e4c8d24eb6ecfa1c"},
    {file = "numpy-2.2.6-cp313-cp313t-macosx_10_13_x86_64.whl", hash = "sha256:0bca768cd85ae743b2affdc762d617eddf3bcf8724435498a1e80132d04879e6"},
    {file = "numpy-2.2.6-cp313-cp313t-macosx_11_0_arm64.whl", hash = "sha256:fc0c5673685c508a142ca65209b4e79ed6740a4ed6b2267dbba90f34b0b3cfda"},
    {file = "numpy-2.2.6-cp313-cp313t-macosx_14_0_arm64.whl", hash = "sha256:5bd4fc3ac8926b3819797a7c0e2631eb889b4118a9898c84f585a54d475b7e40"},
    {file = "numpy-2.2.6-cp313-cp313t-macosx_14_0_x86_64.whl", hash = "sha256:fee4236c876c4e8369388054d02d0e9bb84821feb1a64dd59e137e6511a551f8"},
    {file = "numpy-2.2.6-cp313-cp313t-manylinux_2_17_aarch64.manylinux2014_aarch64.whl", hash = "sha256:e1dda9c7e08dc141e0247a5b8f49cf05984955246a327d4c48bda16821947b2f"},
    {file = "numpy-2.2.6-cp313-cp313t-manylinux_2_17_x86_64.manylinux2014_x86_64.whl", hash = "sha256:f447e6acb680fd307f40d3da4852208af94afdfab89cf850986c3ca00562f4fa"},
    {file = "numpy-2.2.6-cp313-cp313t-musllinux_1_2_aarch64.whl", hash = "sha256:389d771b1623ec92636b0786bc4ae56abafad4a4c513d36a55dce14bd9ce8571"},
    {file = "numpy-2.2.6-cp313-cp313t-musllinux_1_2_x86_64.whl", hash = "sha256:8e9ace4a37db23421249ed236fdcdd457d671e25146786dfc96835cd951aa7c1"},
    {file = "numpy-2.2.6-cp313-cp313t-win32.whl", hash = "sha256:038613e9fb8c72b0a41f025a7e4c3f0b7a1b5d768ece4796b674c8f3fe13efff"},
    {file = "numpy-2.2.6-cp313-cp313t-win_amd64.whl", hash = "sha256:6031dd6dfecc0cf9f668681a37648373bddd6421fff6c66ec1624eed0180ee06"},
    {file = "numpy-2.2.6-pp310-pypy310_pp73-macosx_10_15_x86_64.whl", hash = "sha256:0b605b275d7bd0c640cad4e5d30fa701a8d59302e127e5f79138ad62762c3e3d"},
    {file = "numpy-2.2.6-pp310-pypy310_pp73-macosx_14_0_x86_64.whl", hash = "sha256:7befc596a7dc9da8a337f79802ee8adb30a552a94f792b9c9d18c840055907db"},
    {file = "numpy-2.2.6-pp310-pypy310_pp73-manylinux_2_17_x86_64.manylinux2014_x86_64.whl", hash = "sha256:ce47521a4754c8f4593837384bd3424880629f718d87c5d44f8ed763edd63543"},
    {file = "numpy-2.2.6-pp310-pypy310_pp73-win_amd64.whl", hash = "sha256:d042d24c90c41b54fd506da306759e06e568864df8ec17ccc17e9e884634fd00"},
    {file = "numpy-2.2.6.tar.gz", hash = "sha256:e29554e2bef54a90aa5cc07da6ce955accb83f21ab5de01a62c8478897b264fd"},
]

[[package]]
name = "pyelftools"
version = "0.32"
description = "Library for analyzing ELF files and DWARF debugging information"
optional = false
python-versions = "*"
files = [
    {file = "pyelftools-0.32-py3-none-any.whl", hash = "sha256:013df952a006db5e138b1edf6d8a68ecc50630adbd0d83a2d41e7f846163d738"},
    {file = "pyelftools-0.32.tar.gz", hash = "sha256:6de90ee7b8263e740c8715a925382d4099b354f29ac48ea40d840cf7aa14ace5"},
]

[[package]]
name = "pyreadline3"
version = "3.5.4"
description = "A python implementation of GNU readline."
optional = false
python-versions = ">=3.8"
files = [
    {file = "pyreadline3-3.5.4-py3-none-any.whl", hash = "sha256:eaf8e6cc3c49bcccf145fc6067ba8643d1df34d604a1ec0eccbf7a18e6d3fae6"},
    {file = "pyreadline3-3.5.4.tar.gz", hash = "sha256:8d57d53039a1c75adba8e50dd3d992b28143480816187ea5efbd5c78e6c885b7"},
]

[package.extras]
dev = ["build", "flake8", "mypy", "pytest", "twine"]

[metadata]
lock-version = "2.0"
python-versions = ">=3.10"
content-hash = "35b392d40b5379bc7f28e90fa9992c31c2d4a6149ae46082957026f8961ed42d"
